// !$*UTF8*$!
{
	archiveVersion = 1;
	classes = {
	};
	objectVersion = 55;
	objects = {

/* Begin PBXBuildFile section */
		8F0CFE1F184C248EDE863CE6 /* Pods_UberCloneApp.framework in Frameworks */ = {isa = PBXBuildFile; fileRef = A2ADCC8CE6C253598AD2A849 /* Pods_UberCloneApp.framework */; };
		99F05DED28F187B100C4E48C /* AppDelegate.swift in Sources */ = {isa = PBXBuildFile; fileRef = 99F05DEC28F187B100C4E48C /* AppDelegate.swift */; };
		99F05DEF28F187B100C4E48C /* SceneDelegate.swift in Sources */ = {isa = PBXBuildFile; fileRef = 99F05DEE28F187B100C4E48C /* SceneDelegate.swift */; };
		99F05DF628F187B100C4E48C /* Assets.xcassets in Resources */ = {isa = PBXBuildFile; fileRef = 99F05DF528F187B100C4E48C /* Assets.xcassets */; };
		99F05DF928F187B100C4E48C /* LaunchScreen.storyboard in Resources */ = {isa = PBXBuildFile; fileRef = 99F05DF728F187B100C4E48C /* LaunchScreen.storyboard */; };
		99F05E0828F18A0B00C4E48C /* LoginController.swift in Sources */ = {isa = PBXBuildFile; fileRef = 99F05E0728F18A0B00C4E48C /* LoginController.swift */; };
		99F05E0B28F18BD700C4E48C /* UIColor + ext.swift in Sources */ = {isa = PBXBuildFile; fileRef = 99F05E0A28F18BD700C4E48C /* UIColor + ext.swift */; };
		99F05E0D28F18DA700C4E48C /* UIView + AutoLayout.swift in Sources */ = {isa = PBXBuildFile; fileRef = 99F05E0C28F18DA700C4E48C /* UIView + AutoLayout.swift */; };
		99F05E0F28F18EFD00C4E48C /* AuthButton.swift in Sources */ = {isa = PBXBuildFile; fileRef = 99F05E0E28F18EFD00C4E48C /* AuthButton.swift */; };
		99F05E1228F18F4300C4E48C /* Colors.swift in Sources */ = {isa = PBXBuildFile; fileRef = 99F05E1128F18F4300C4E48C /* Colors.swift */; };
		99F05E1428F18F9500C4E48C /* UIView.swift in Sources */ = {isa = PBXBuildFile; fileRef = 99F05E1328F18F9500C4E48C /* UIView.swift */; };
		99F05E1628F18FB900C4E48C /* UITextField.swift in Sources */ = {isa = PBXBuildFile; fileRef = 99F05E1528F18FB900C4E48C /* UITextField.swift */; };
		99F05E1A28F191A200C4E48C /* SignUpController.swift in Sources */ = {isa = PBXBuildFile; fileRef = 99F05E1928F191A200C4E48C /* SignUpController.swift */; };
		99F05E1C28F19AE500C4E48C /* GoogleService-Info.plist in Resources */ = {isa = PBXBuildFile; fileRef = 99F05E1B28F19AE500C4E48C /* GoogleService-Info.plist */; };
		99F05E1F28F1AEBB00C4E48C /* HomeController.swift in Sources */ = {isa = PBXBuildFile; fileRef = 99F05E1E28F1AEBB00C4E48C /* HomeController.swift */; };
		99F05E2228F29BAD00C4E48C /* LocationInputActivationView.swift in Sources */ = {isa = PBXBuildFile; fileRef = 99F05E2128F29BAD00C4E48C /* LocationInputActivationView.swift */; };
		99F05E2428F29FA800C4E48C /* LocationInputView.swift in Sources */ = {isa = PBXBuildFile; fileRef = 99F05E2328F29FA800C4E48C /* LocationInputView.swift */; };
/* End PBXBuildFile section */

/* Begin PBXFileReference section */
		06DEF712CA462988B51F8E7E /* Pods-UberCloneApp.debug.xcconfig */ = {isa = PBXFileReference; includeInIndex = 1; lastKnownFileType = text.xcconfig; name = "Pods-UberCloneApp.debug.xcconfig"; path = "Target Support Files/Pods-UberCloneApp/Pods-UberCloneApp.debug.xcconfig"; sourceTree = "<group>"; };
		99F05DE928F187B100C4E48C /* UberCloneApp.app */ = {isa = PBXFileReference; explicitFileType = wrapper.application; includeInIndex = 0; path = UberCloneApp.app; sourceTree = BUILT_PRODUCTS_DIR; };
		99F05DEC28F187B100C4E48C /* AppDelegate.swift */ = {isa = PBXFileReference; lastKnownFileType = sourcecode.swift; path = AppDelegate.swift; sourceTree = "<group>"; };
		99F05DEE28F187B100C4E48C /* SceneDelegate.swift */ = {isa = PBXFileReference; lastKnownFileType = sourcecode.swift; path = SceneDelegate.swift; sourceTree = "<group>"; };
		99F05DF528F187B100C4E48C /* Assets.xcassets */ = {isa = PBXFileReference; lastKnownFileType = folder.assetcatalog; path = Assets.xcassets; sourceTree = "<group>"; };
		99F05DF828F187B100C4E48C /* Base */ = {isa = PBXFileReference; lastKnownFileType = file.storyboard; name = Base; path = Base.lproj/LaunchScreen.storyboard; sourceTree = "<group>"; };
		99F05DFA28F187B100C4E48C /* Info.plist */ = {isa = PBXFileReference; lastKnownFileType = text.plist.xml; path = Info.plist; sourceTree = "<group>"; };
		99F05E0728F18A0B00C4E48C /* LoginController.swift */ = {isa = PBXFileReference; lastKnownFileType = sourcecode.swift; path = LoginController.swift; sourceTree = "<group>"; };
		99F05E0A28F18BD700C4E48C /* UIColor + ext.swift */ = {isa = PBXFileReference; lastKnownFileType = sourcecode.swift; path = "UIColor + ext.swift"; sourceTree = "<group>"; };
		99F05E0C28F18DA700C4E48C /* UIView + AutoLayout.swift */ = {isa = PBXFileReference; lastKnownFileType = sourcecode.swift; path = "UIView + AutoLayout.swift"; sourceTree = "<group>"; };
		99F05E0E28F18EFD00C4E48C /* AuthButton.swift */ = {isa = PBXFileReference; lastKnownFileType = sourcecode.swift; path = AuthButton.swift; sourceTree = "<group>"; };
		99F05E1128F18F4300C4E48C /* Colors.swift */ = {isa = PBXFileReference; lastKnownFileType = sourcecode.swift; path = Colors.swift; sourceTree = "<group>"; };
		99F05E1328F18F9500C4E48C /* UIView.swift */ = {isa = PBXFileReference; lastKnownFileType = sourcecode.swift; path = UIView.swift; sourceTree = "<group>"; };
		99F05E1528F18FB900C4E48C /* UITextField.swift */ = {isa = PBXFileReference; lastKnownFileType = sourcecode.swift; path = UITextField.swift; sourceTree = "<group>"; };
		99F05E1928F191A200C4E48C /* SignUpController.swift */ = {isa = PBXFileReference; lastKnownFileType = sourcecode.swift; path = SignUpController.swift; sourceTree = "<group>"; };
		99F05E1B28F19AE500C4E48C /* GoogleService-Info.plist */ = {isa = PBXFileReference; fileEncoding = 4; lastKnownFileType = text.plist.xml; path = "GoogleService-Info.plist"; sourceTree = "<group>"; };
		99F05E1E28F1AEBB00C4E48C /* HomeController.swift */ = {isa = PBXFileReference; lastKnownFileType = sourcecode.swift; path = HomeController.swift; sourceTree = "<group>"; };
		99F05E2128F29BAD00C4E48C /* LocationInputActivationView.swift */ = {isa = PBXFileReference; lastKnownFileType = sourcecode.swift; path = LocationInputActivationView.swift; sourceTree = "<group>"; };
		99F05E2328F29FA800C4E48C /* LocationInputView.swift */ = {isa = PBXFileReference; lastKnownFileType = sourcecode.swift; path = LocationInputView.swift; sourceTree = "<group>"; };
		A2ADCC8CE6C253598AD2A849 /* Pods_UberCloneApp.framework */ = {isa = PBXFileReference; explicitFileType = wrapper.framework; includeInIndex = 0; path = Pods_UberCloneApp.framework; sourceTree = BUILT_PRODUCTS_DIR; };
		E5D6004C20360952E03A52C2 /* Pods-UberCloneApp.release.xcconfig */ = {isa = PBXFileReference; includeInIndex = 1; lastKnownFileType = text.xcconfig; name = "Pods-UberCloneApp.release.xcconfig"; path = "Target Support Files/Pods-UberCloneApp/Pods-UberCloneApp.release.xcconfig"; sourceTree = "<group>"; };
/* End PBXFileReference section */

/* Begin PBXFrameworksBuildPhase section */
		99F05DE628F187B100C4E48C /* Frameworks */ = {
			isa = PBXFrameworksBuildPhase;
			buildActionMask = 2147483647;
			files = (
				8F0CFE1F184C248EDE863CE6 /* Pods_UberCloneApp.framework in Frameworks */,
			);
			runOnlyForDeploymentPostprocessing = 0;
		};
/* End PBXFrameworksBuildPhase section */

/* Begin PBXGroup section */
		8177700E4F49824B3EE49921 /* Frameworks */ = {
			isa = PBXGroup;
			children = (
				A2ADCC8CE6C253598AD2A849 /* Pods_UberCloneApp.framework */,
			);
			name = Frameworks;
			sourceTree = "<group>";
		};
		99F05DE028F187B100C4E48C = {
			isa = PBXGroup;
			children = (
				99F05DEB28F187B100C4E48C /* UberCloneApp */,
				99F05DEA28F187B100C4E48C /* Products */,
				D676F18C17DC640A174F091E /* Pods */,
				8177700E4F49824B3EE49921 /* Frameworks */,
			);
			sourceTree = "<group>";
		};
		99F05DEA28F187B100C4E48C /* Products */ = {
			isa = PBXGroup;
			children = (
				99F05DE928F187B100C4E48C /* UberCloneApp.app */,
			);
			name = Products;
			sourceTree = "<group>";
		};
		99F05DEB28F187B100C4E48C /* UberCloneApp */ = {
			isa = PBXGroup;
			children = (
				99F05E0928F18A2900C4E48C /* Application */,
				99F05E0328F189B500C4E48C /* Model */,
				99F05E0228F189B100C4E48C /* View */,
				99F05E0028F189AD00C4E48C /* Modules */,
				99F05E0428F189CD00C4E48C /* Service */,
				99F05E1028F18F3400C4E48C /* Constants */,
				99F05E0528F189D100C4E48C /* Utilis */,
				99F05E0628F189E300C4E48C /* Resources */,
			);
			path = UberCloneApp;
			sourceTree = "<group>";
		};
		99F05E0028F189AD00C4E48C /* Modules */ = {
			isa = PBXGroup;
			children = (
				99F05E1728F1903400C4E48C /* Authentication */,
				99F05E1D28F1AEAB00C4E48C /* Main */,
			);
			path = Modules;
			sourceTree = "<group>";
		};
		99F05E0228F189B100C4E48C /* View */ = {
			isa = PBXGroup;
			children = (
			);
			path = View;
			sourceTree = "<group>";
		};
		99F05E0328F189B500C4E48C /* Model */ = {
			isa = PBXGroup;
			children = (
			);
			path = Model;
			sourceTree = "<group>";
		};
		99F05E0428F189CD00C4E48C /* Service */ = {
			isa = PBXGroup;
			children = (
			);
			path = Service;
			sourceTree = "<group>";
		};
		99F05E0528F189D100C4E48C /* Utilis */ = {
			isa = PBXGroup;
			children = (
				99F05E0A28F18BD700C4E48C /* UIColor + ext.swift */,
				99F05E0C28F18DA700C4E48C /* UIView + AutoLayout.swift */,
				99F05E1328F18F9500C4E48C /* UIView.swift */,
				99F05E1528F18FB900C4E48C /* UITextField.swift */,
			);
			path = Utilis;
			sourceTree = "<group>";
		};
		99F05E0628F189E300C4E48C /* Resources */ = {
			isa = PBXGroup;
			children = (
				99F05E1B28F19AE500C4E48C /* GoogleService-Info.plist */,
				99F05DFA28F187B100C4E48C /* Info.plist */,
				99F05DF728F187B100C4E48C /* LaunchScreen.storyboard */,
				99F05DF528F187B100C4E48C /* Assets.xcassets */,
			);
			path = Resources;
			sourceTree = "<group>";
		};
		99F05E0928F18A2900C4E48C /* Application */ = {
			isa = PBXGroup;
			children = (
				99F05DEC28F187B100C4E48C /* AppDelegate.swift */,
				99F05DEE28F187B100C4E48C /* SceneDelegate.swift */,
			);
			path = Application;
			sourceTree = "<group>";
		};
		99F05E1028F18F3400C4E48C /* Constants */ = {
			isa = PBXGroup;
			children = (
				99F05E1128F18F4300C4E48C /* Colors.swift */,
			);
			path = Constants;
			sourceTree = "<group>";
		};
		99F05E1728F1903400C4E48C /* Authentication */ = {
			isa = PBXGroup;
			children = (
				99F05E0728F18A0B00C4E48C /* LoginController.swift */,
				99F05E1928F191A200C4E48C /* SignUpController.swift */,
				99F05E0E28F18EFD00C4E48C /* AuthButton.swift */,
			);
			path = Authentication;
			sourceTree = "<group>";
		};
		99F05E1D28F1AEAB00C4E48C /* Main */ = {
			isa = PBXGroup;
			children = (
				99F05E2028F29B9900C4E48C /* View */,
				99F05E1E28F1AEBB00C4E48C /* HomeController.swift */,
			);
			path = Main;
			sourceTree = "<group>";
		};
		99F05E2028F29B9900C4E48C /* View */ = {
			isa = PBXGroup;
			children = (
				99F05E2128F29BAD00C4E48C /* LocationInputActivationView.swift */,
				99F05E2328F29FA800C4E48C /* LocationInputView.swift */,
			);
			path = View;
			sourceTree = "<group>";
		};
		D676F18C17DC640A174F091E /* Pods */ = {
			isa = PBXGroup;
			children = (
				06DEF712CA462988B51F8E7E /* Pods-UberCloneApp.debug.xcconfig */,
				E5D6004C20360952E03A52C2 /* Pods-UberCloneApp.release.xcconfig */,
			);
			path = Pods;
			sourceTree = "<group>";
		};
/* End PBXGroup section */

/* Begin PBXNativeTarget section */
		99F05DE828F187B100C4E48C /* UberCloneApp */ = {
			isa = PBXNativeTarget;
			buildConfigurationList = 99F05DFD28F187B100C4E48C /* Build configuration list for PBXNativeTarget "UberCloneApp" */;
			buildPhases = (
				0D658046F80992E9FF88C3A5 /* [CP] Check Pods Manifest.lock */,
				99F05DE528F187B100C4E48C /* Sources */,
				99F05DE628F187B100C4E48C /* Frameworks */,
				99F05DE728F187B100C4E48C /* Resources */,
				16C6B0C5AF202335EEF36340 /* [CP] Embed Pods Frameworks */,
			);
			buildRules = (
			);
			dependencies = (
			);
			name = UberCloneApp;
			productName = UberCloneApp;
			productReference = 99F05DE928F187B100C4E48C /* UberCloneApp.app */;
			productType = "com.apple.product-type.application";
		};
/* End PBXNativeTarget section */

/* Begin PBXProject section */
		99F05DE128F187B100C4E48C /* Project object */ = {
			isa = PBXProject;
			attributes = {
				BuildIndependentTargetsInParallel = 1;
				LastSwiftUpdateCheck = 1340;
				LastUpgradeCheck = 1340;
				TargetAttributes = {
					99F05DE828F187B100C4E48C = {
						CreatedOnToolsVersion = 13.4.1;
					};
				};
			};
			buildConfigurationList = 99F05DE428F187B100C4E48C /* Build configuration list for PBXProject "UberCloneApp" */;
			compatibilityVersion = "Xcode 13.0";
			developmentRegion = en;
			hasScannedForEncodings = 0;
			knownRegions = (
				en,
				Base,
			);
			mainGroup = 99F05DE028F187B100C4E48C;
			productRefGroup = 99F05DEA28F187B100C4E48C /* Products */;
			projectDirPath = "";
			projectRoot = "";
			targets = (
				99F05DE828F187B100C4E48C /* UberCloneApp */,
			);
		};
/* End PBXProject section */

/* Begin PBXResourcesBuildPhase section */
		99F05DE728F187B100C4E48C /* Resources */ = {
			isa = PBXResourcesBuildPhase;
			buildActionMask = 2147483647;
			files = (
				99F05DF928F187B100C4E48C /* LaunchScreen.storyboard in Resources */,
				99F05DF628F187B100C4E48C /* Assets.xcassets in Resources */,
				99F05E1C28F19AE500C4E48C /* GoogleService-Info.plist in Resources */,
			);
			runOnlyForDeploymentPostprocessing = 0;
		};
/* End PBXResourcesBuildPhase section */

/* Begin PBXShellScriptBuildPhase section */
		0D658046F80992E9FF88C3A5 /* [CP] Check Pods Manifest.lock */ = {
			isa = PBXShellScriptBuildPhase;
			buildActionMask = 2147483647;
			files = (
			);
			inputFileListPaths = (
			);
			inputPaths = (
				"${PODS_PODFILE_DIR_PATH}/Podfile.lock",
				"${PODS_ROOT}/Manifest.lock",
			);
			name = "[CP] Check Pods Manifest.lock";
			outputFileListPaths = (
			);
			outputPaths = (
				"$(DERIVED_FILE_DIR)/Pods-UberCloneApp-checkManifestLockResult.txt",
			);
			runOnlyForDeploymentPostprocessing = 0;
			shellPath = /bin/sh;
			shellScript = "diff \"${PODS_PODFILE_DIR_PATH}/Podfile.lock\" \"${PODS_ROOT}/Manifest.lock\" > /dev/null\nif [ $? != 0 ] ; then\n    # print error to STDERR\n    echo \"error: The sandbox is not in sync with the Podfile.lock. Run 'pod install' or update your CocoaPods installation.\" >&2\n    exit 1\nfi\n# This output is used by Xcode 'outputs' to avoid re-running this script phase.\necho \"SUCCESS\" > \"${SCRIPT_OUTPUT_FILE_0}\"\n";
			showEnvVarsInLog = 0;
		};
		16C6B0C5AF202335EEF36340 /* [CP] Embed Pods Frameworks */ = {
			isa = PBXShellScriptBuildPhase;
			buildActionMask = 2147483647;
			files = (
			);
			inputFileListPaths = (
				"${PODS_ROOT}/Target Support Files/Pods-UberCloneApp/Pods-UberCloneApp-frameworks-${CONFIGURATION}-input-files.xcfilelist",
			);
			name = "[CP] Embed Pods Frameworks";
			outputFileListPaths = (
				"${PODS_ROOT}/Target Support Files/Pods-UberCloneApp/Pods-UberCloneApp-frameworks-${CONFIGURATION}-output-files.xcfilelist",
			);
			runOnlyForDeploymentPostprocessing = 0;
			shellPath = /bin/sh;
			shellScript = "\"${PODS_ROOT}/Target Support Files/Pods-UberCloneApp/Pods-UberCloneApp-frameworks.sh\"\n";
			showEnvVarsInLog = 0;
		};
/* End PBXShellScriptBuildPhase section */

/* Begin PBXSourcesBuildPhase section */
		99F05DE528F187B100C4E48C /* Sources */ = {
			isa = PBXSourcesBuildPhase;
			buildActionMask = 2147483647;
			files = (
				99F05E1428F18F9500C4E48C /* UIView.swift in Sources */,
				99F05E0828F18A0B00C4E48C /* LoginController.swift in Sources */,
				99F05E1F28F1AEBB00C4E48C /* HomeController.swift in Sources */,
				99F05E1628F18FB900C4E48C /* UITextField.swift in Sources */,
				99F05E0F28F18EFD00C4E48C /* AuthButton.swift in Sources */,
				99F05DED28F187B100C4E48C /* AppDelegate.swift in Sources */,
				99F05E1A28F191A200C4E48C /* SignUpController.swift in Sources */,
				99F05E1228F18F4300C4E48C /* Colors.swift in Sources */,
				99F05DEF28F187B100C4E48C /* SceneDelegate.swift in Sources */,
				99F05E0D28F18DA700C4E48C /* UIView + AutoLayout.swift in Sources */,
				99F05E2428F29FA800C4E48C /* LocationInputView.swift in Sources */,
				99F05E2228F29BAD00C4E48C /* LocationInputActivationView.swift in Sources */,
				99F05E0B28F18BD700C4E48C /* UIColor + ext.swift in Sources */,
			);
			runOnlyForDeploymentPostprocessing = 0;
		};
/* End PBXSourcesBuildPhase section */

/* Begin PBXVariantGroup section */
		99F05DF728F187B100C4E48C /* LaunchScreen.storyboard */ = {
			isa = PBXVariantGroup;
			children = (
				99F05DF828F187B100C4E48C /* Base */,
			);
			name = LaunchScreen.storyboard;
			sourceTree = "<group>";
		};
/* End PBXVariantGroup section */

/* Begin XCBuildConfiguration section */
		99F05DFB28F187B100C4E48C /* Debug */ = {
			isa = XCBuildConfiguration;
			buildSettings = {
				ALWAYS_SEARCH_USER_PATHS = NO;
				CLANG_ANALYZER_NONNULL = YES;
				CLANG_ANALYZER_NUMBER_OBJECT_CONVERSION = YES_AGGRESSIVE;
				CLANG_CXX_LANGUAGE_STANDARD = "gnu++17";
				CLANG_ENABLE_MODULES = YES;
				CLANG_ENABLE_OBJC_ARC = YES;
				CLANG_ENABLE_OBJC_WEAK = YES;
				CLANG_WARN_BLOCK_CAPTURE_AUTORELEASING = YES;
				CLANG_WARN_BOOL_CONVERSION = YES;
				CLANG_WARN_COMMA = YES;
				CLANG_WARN_CONSTANT_CONVERSION = YES;
				CLANG_WARN_DEPRECATED_OBJC_IMPLEMENTATIONS = YES;
				CLANG_WARN_DIRECT_OBJC_ISA_USAGE = YES_ERROR;
				CLANG_WARN_DOCUMENTATION_COMMENTS = YES;
				CLANG_WARN_EMPTY_BODY = YES;
				CLANG_WARN_ENUM_CONVERSION = YES;
				CLANG_WARN_INFINITE_RECURSION = YES;
				CLANG_WARN_INT_CONVERSION = YES;
				CLANG_WARN_NON_LITERAL_NULL_CONVERSION = YES;
				CLANG_WARN_OBJC_IMPLICIT_RETAIN_SELF = YES;
				CLANG_WARN_OBJC_LITERAL_CONVERSION = YES;
				CLANG_WARN_OBJC_ROOT_CLASS = YES_ERROR;
				CLANG_WARN_QUOTED_INCLUDE_IN_FRAMEWORK_HEADER = YES;
				CLANG_WARN_RANGE_LOOP_ANALYSIS = YES;
				CLANG_WARN_STRICT_PROTOTYPES = YES;
				CLANG_WARN_SUSPICIOUS_MOVE = YES;
				CLANG_WARN_UNGUARDED_AVAILABILITY = YES_AGGRESSIVE;
				CLANG_WARN_UNREACHABLE_CODE = YES;
				CLANG_WARN__DUPLICATE_METHOD_MATCH = YES;
				COPY_PHASE_STRIP = NO;
				DEBUG_INFORMATION_FORMAT = dwarf;
				ENABLE_STRICT_OBJC_MSGSEND = YES;
				ENABLE_TESTABILITY = YES;
				GCC_C_LANGUAGE_STANDARD = gnu11;
				GCC_DYNAMIC_NO_PIC = NO;
				GCC_NO_COMMON_BLOCKS = YES;
				GCC_OPTIMIZATION_LEVEL = 0;
				GCC_PREPROCESSOR_DEFINITIONS = (
					"DEBUG=1",
					"$(inherited)",
				);
				GCC_WARN_64_TO_32_BIT_CONVERSION = YES;
				GCC_WARN_ABOUT_RETURN_TYPE = YES_ERROR;
				GCC_WARN_UNDECLARED_SELECTOR = YES;
				GCC_WARN_UNINITIALIZED_AUTOS = YES_AGGRESSIVE;
				GCC_WARN_UNUSED_FUNCTION = YES;
				GCC_WARN_UNUSED_VARIABLE = YES;
				IPHONEOS_DEPLOYMENT_TARGET = 15.5;
				MTL_ENABLE_DEBUG_INFO = INCLUDE_SOURCE;
				MTL_FAST_MATH = YES;
				ONLY_ACTIVE_ARCH = YES;
				SDKROOT = iphoneos;
				SWIFT_ACTIVE_COMPILATION_CONDITIONS = DEBUG;
				SWIFT_OPTIMIZATION_LEVEL = "-Onone";
			};
			name = Debug;
		};
		99F05DFC28F187B100C4E48C /* Release */ = {
			isa = XCBuildConfiguration;
			buildSettings = {
				ALWAYS_SEARCH_USER_PATHS = NO;
				CLANG_ANALYZER_NONNULL = YES;
				CLANG_ANALYZER_NUMBER_OBJECT_CONVERSION = YES_AGGRESSIVE;
				CLANG_CXX_LANGUAGE_STANDARD = "gnu++17";
				CLANG_ENABLE_MODULES = YES;
				CLANG_ENABLE_OBJC_ARC = YES;
				CLANG_ENABLE_OBJC_WEAK = YES;
				CLANG_WARN_BLOCK_CAPTURE_AUTORELEASING = YES;
				CLANG_WARN_BOOL_CONVERSION = YES;
				CLANG_WARN_COMMA = YES;
				CLANG_WARN_CONSTANT_CONVERSION = YES;
				CLANG_WARN_DEPRECATED_OBJC_IMPLEMENTATIONS = YES;
				CLANG_WARN_DIRECT_OBJC_ISA_USAGE = YES_ERROR;
				CLANG_WARN_DOCUMENTATION_COMMENTS = YES;
				CLANG_WARN_EMPTY_BODY = YES;
				CLANG_WARN_ENUM_CONVERSION = YES;
				CLANG_WARN_INFINITE_RECURSION = YES;
				CLANG_WARN_INT_CONVERSION = YES;
				CLANG_WARN_NON_LITERAL_NULL_CONVERSION = YES;
				CLANG_WARN_OBJC_IMPLICIT_RETAIN_SELF = YES;
				CLANG_WARN_OBJC_LITERAL_CONVERSION = YES;
				CLANG_WARN_OBJC_ROOT_CLASS = YES_ERROR;
				CLANG_WARN_QUOTED_INCLUDE_IN_FRAMEWORK_HEADER = YES;
				CLANG_WARN_RANGE_LOOP_ANALYSIS = YES;
				CLANG_WARN_STRICT_PROTOTYPES = YES;
				CLANG_WARN_SUSPICIOUS_MOVE = YES;
				CLANG_WARN_UNGUARDED_AVAILABILITY = YES_AGGRESSIVE;
				CLANG_WARN_UNREACHABLE_CODE = YES;
				CLANG_WARN__DUPLICATE_METHOD_MATCH = YES;
				COPY_PHASE_STRIP = NO;
				DEBUG_INFORMATION_FORMAT = "dwarf-with-dsym";
				ENABLE_NS_ASSERTIONS = NO;
				ENABLE_STRICT_OBJC_MSGSEND = YES;
				GCC_C_LANGUAGE_STANDARD = gnu11;
				GCC_NO_COMMON_BLOCKS = YES;
				GCC_WARN_64_TO_32_BIT_CONVERSION = YES;
				GCC_WARN_ABOUT_RETURN_TYPE = YES_ERROR;
				GCC_WARN_UNDECLARED_SELECTOR = YES;
				GCC_WARN_UNINITIALIZED_AUTOS = YES_AGGRESSIVE;
				GCC_WARN_UNUSED_FUNCTION = YES;
				GCC_WARN_UNUSED_VARIABLE = YES;
				IPHONEOS_DEPLOYMENT_TARGET = 15.5;
				MTL_ENABLE_DEBUG_INFO = NO;
				MTL_FAST_MATH = YES;
				SDKROOT = iphoneos;
				SWIFT_COMPILATION_MODE = wholemodule;
				SWIFT_OPTIMIZATION_LEVEL = "-O";
				VALIDATE_PRODUCT = YES;
			};
			name = Release;
		};
		99F05DFE28F187B100C4E48C /* Debug */ = {
			isa = XCBuildConfiguration;
			baseConfigurationReference = 06DEF712CA462988B51F8E7E /* Pods-UberCloneApp.debug.xcconfig */;
			buildSettings = {
				ASSETCATALOG_COMPILER_APPICON_NAME = AppIcon;
				ASSETCATALOG_COMPILER_GLOBAL_ACCENT_COLOR_NAME = AccentColor;
				CODE_SIGN_STYLE = Automatic;
				CURRENT_PROJECT_VERSION = 1;
				DEVELOPMENT_TEAM = ARQ22Y2Z2Z;
				GENERATE_INFOPLIST_FILE = YES;
				INFOPLIST_FILE = UberCloneApp/Resources/Info.plist;
				INFOPLIST_KEY_UIApplicationSupportsIndirectInputEvents = YES;
				INFOPLIST_KEY_UILaunchStoryboardName = LaunchScreen;
				INFOPLIST_KEY_UISupportedInterfaceOrientations_iPad = "UIInterfaceOrientationPortrait UIInterfaceOrientationPortraitUpsideDown UIInterfaceOrientationLandscapeLeft UIInterfaceOrientationLandscapeRight";
				INFOPLIST_KEY_UISupportedInterfaceOrientations_iPhone = "UIInterfaceOrientationPortrait UIInterfaceOrientationLandscapeLeft UIInterfaceOrientationLandscapeRight";
				LD_RUNPATH_SEARCH_PATHS = (
					"$(inherited)",
					"@executable_path/Frameworks",
				);
				MARKETING_VERSION = 1.0;
				PRODUCT_BUNDLE_IDENTIFIER = com.NamikNamazov.UberCloneApp;
				PRODUCT_NAME = "$(TARGET_NAME)";
				SWIFT_EMIT_LOC_STRINGS = YES;
				SWIFT_VERSION = 5.0;
				TARGETED_DEVICE_FAMILY = "1,2";
			};
			name = Debug;
		};
		99F05DFF28F187B100C4E48C /* Release */ = {
			isa = XCBuildConfiguration;
			baseConfigurationReference = E5D6004C20360952E03A52C2 /* Pods-UberCloneApp.release.xcconfig */;
			buildSettings = {
				ASSETCATALOG_COMPILER_APPICON_NAME = AppIcon;
				ASSETCATALOG_COMPILER_GLOBAL_ACCENT_COLOR_NAME = AccentColor;
				CODE_SIGN_STYLE = Automatic;
				CURRENT_PROJECT_VERSION = 1;
				DEVELOPMENT_TEAM = ARQ22Y2Z2Z;
				GENERATE_INFOPLIST_FILE = YES;
				INFOPLIST_FILE = UberCloneApp/Resources/Info.plist;
				INFOPLIST_KEY_UIApplicationSupportsIndirectInputEvents = YES;
				INFOPLIST_KEY_UILaunchStoryboardName = LaunchScreen;
				INFOPLIST_KEY_UISupportedInterfaceOrientations_iPad = "UIInterfaceOrientationPortrait UIInterfaceOrientationPortraitUpsideDown UIInterfaceOrientationLandscapeLeft UIInterfaceOrientationLandscapeRight";
				INFOPLIST_KEY_UISupportedInterfaceOrientations_iPhone = "UIInterfaceOrientationPortrait UIInterfaceOrientationLandscapeLeft UIInterfaceOrientationLandscapeRight";
				LD_RUNPATH_SEARCH_PATHS = (
					"$(inherited)",
					"@executable_path/Frameworks",
				);
				MARKETING_VERSION = 1.0;
				PRODUCT_BUNDLE_IDENTIFIER = com.NamikNamazov.UberCloneApp;
				PRODUCT_NAME = "$(TARGET_NAME)";
				SWIFT_EMIT_LOC_STRINGS = YES;
				SWIFT_VERSION = 5.0;
				TARGETED_DEVICE_FAMILY = "1,2";
			};
			name = Release;
		};
/* End XCBuildConfiguration section */

/* Begin XCConfigurationList section */
		99F05DE428F187B100C4E48C /* Build configuration list for PBXProject "UberCloneApp" */ = {
			isa = XCConfigurationList;
			buildConfigurations = (
				99F05DFB28F187B100C4E48C /* Debug */,
				99F05DFC28F187B100C4E48C /* Release */,
			);
			defaultConfigurationIsVisible = 0;
			defaultConfigurationName = Release;
		};
		99F05DFD28F187B100C4E48C /* Build configuration list for PBXNativeTarget "UberCloneApp" */ = {
			isa = XCConfigurationList;
			buildConfigurations = (
				99F05DFE28F187B100C4E48C /* Debug */,
				99F05DFF28F187B100C4E48C /* Release */,
			);
			defaultConfigurationIsVisible = 0;
			defaultConfigurationName = Release;
		};
/* End XCConfigurationList section */
	};
	rootObject = 99F05DE128F187B100C4E48C /* Project object */;
}
